
Microsoft Visual Studio Solution File, Format Version 12.00
# Visual Studio Version 17
VisualStudioVersion = 17.8.34408.163
MinimumVisualStudioVersion = 10.0.40219.1
Project("{9A19103F-16F7-4668-BE54-9A1E7A4F7556}") = "DesafioRodonaves.Domain", "DesafioRodonaves.Domain\DesafioRodonaves.Domain.csproj", "{190B85B0-C1F4-464F-B0B2-E7B7A8CF05E9}"
EndProject
Project("{9A19103F-16F7-4668-BE54-9A1E7A4F7556}") = "DesafioRodonaves.Infra.Data", "DesafioRodonaves.Infra.Data\DesafioRodonaves.Infra.Data.csproj", "{5EAE3F30-D266-489B-99BA-DF2EB86DDD0A}"
EndProject
Project("{9A19103F-16F7-4668-BE54-9A1E7A4F7556}") = "DesafioRodonaves.Infra.Ioc", "DesafioRodonaves.Infra.Ioc\DesafioRodonaves.Infra.Ioc.csproj", "{B703093A-14B9-4655-A675-55A6F6E13FC0}"
EndProject
Project("{9A19103F-16F7-4668-BE54-9A1E7A4F7556}") = "DesafioRodonaves.MVC", "DesafioRodonaves.MVC\DesafioRodonaves.MVC.csproj", "{B734A7AF-B757-49B5-AB00-6A3B1FE3F182}"
EndProject
Project("{FAE04EC0-301F-11D3-BF4B-00C04F79EFBC}") = "DesafioRodonaves.Application", "DesafioRodonaves.Application\DesafioRodonaves.Application.csproj", "{CA79E5C7-665F-4543-9DCA-F6406E13FC7B}"
EndProject
Global
	GlobalSection(SolutionConfigurationPlatforms) = preSolution
		Debug|Any CPU = Debug|Any CPU
		Release|Any CPU = Release|Any CPU
	EndGlobalSection
	GlobalSection(ProjectConfigurationPlatforms) = postSolution
		{190B85B0-C1F4-464F-B0B2-E7B7A8CF05E9}.Debug|Any CPU.ActiveCfg = Debug|Any CPU
		{190B85B0-C1F4-464F-B0B2-E7B7A8CF05E9}.Debug|Any CPU.Build.0 = Debug|Any CPU
		{190B85B0-C1F4-464F-B0B2-E7B7A8CF05E9}.Release|Any CPU.ActiveCfg = Release|Any CPU
		{190B85B0-C1F4-464F-B0B2-E7B7A8CF05E9}.Release|Any CPU.Build.0 = Release|Any CPU
		{5EAE3F30-D266-489B-99BA-DF2EB86DDD0A}.Debug|Any CPU.ActiveCfg = Debug|Any CPU
		{5EAE3F30-D266-489B-99BA-DF2EB86DDD0A}.Debug|Any CPU.Build.0 = Debug|Any CPU
		{5EAE3F30-D266-489B-99BA-DF2EB86DDD0A}.Release|Any CPU.ActiveCfg = Release|Any CPU
		{5EAE3F30-D266-489B-99BA-DF2EB86DDD0A}.Release|Any CPU.Build.0 = Release|Any CPU
		{B703093A-14B9-4655-A675-55A6F6E13FC0}.Debug|Any CPU.ActiveCfg = Debug|Any CPU
		{B703093A-14B9-4655-A675-55A6F6E13FC0}.Debug|Any CPU.Build.0 = Debug|Any CPU
		{B703093A-14B9-4655-A675-55A6F6E13FC0}.Release|Any CPU.ActiveCfg = Release|Any CPU
		{B703093A-14B9-4655-A675-55A6F6E13FC0}.Release|Any CPU.Build.0 = Release|Any CPU
		{B734A7AF-B757-49B5-AB00-6A3B1FE3F182}.Debug|Any CPU.ActiveCfg = Debug|Any CPU
		{B734A7AF-B757-49B5-AB00-6A3B1FE3F182}.Debug|Any CPU.Build.0 = Debug|Any CPU
		{B734A7AF-B757-49B5-AB00-6A3B1FE3F182}.Release|Any CPU.ActiveCfg = Release|Any CPU
		{B734A7AF-B757-49B5-AB00-6A3B1FE3F182}.Release|Any CPU.Build.0 = Release|Any CPU
		{CA79E5C7-665F-4543-9DCA-F6406E13FC7B}.Debug|Any CPU.ActiveCfg = Debug|Any CPU
		{CA79E5C7-665F-4543-9DCA-F6406E13FC7B}.Debug|Any CPU.Build.0 = Debug|Any CPU
		{CA79E5C7-665F-4543-9DCA-F6406E13FC7B}.Release|Any CPU.ActiveCfg = Release|Any CPU
		{CA79E5C7-665F-4543-9DCA-F6406E13FC7B}.Release|Any CPU.Build.0 = Release|Any CPU
	EndGlobalSection
	GlobalSection(SolutionProperties) = preSolution
		HideSolutionNode = FALSE
	EndGlobalSection
	GlobalSection(ExtensibilityGlobals) = postSolution
		SolutionGuid = {4150284D-1969-4EAF-8C34-0D055790A04E}
	EndGlobalSection
EndGlobal
